// !$*UTF8*$!
{
	archiveVersion = 1;
	classes = {
	};
	objectVersion = 52;
	objects = {

/* Begin PBXBuildFile section */
		227699F223B79D85005C5ECA /* AppDelegate.swift in Sources */ = {isa = PBXBuildFile; fileRef = 227699F123B79D85005C5ECA /* AppDelegate.swift */; };
		227699F423B79D85005C5ECA /* SceneDelegate.swift in Sources */ = {isa = PBXBuildFile; fileRef = 227699F323B79D85005C5ECA /* SceneDelegate.swift */; };
		227699F623B79D85005C5ECA /* ContentView.swift in Sources */ = {isa = PBXBuildFile; fileRef = 227699F523B79D85005C5ECA /* ContentView.swift */; };
		227699F823B79D87005C5ECA /* Assets.xcassets in Resources */ = {isa = PBXBuildFile; fileRef = 227699F723B79D87005C5ECA /* Assets.xcassets */; };
		227699FB23B79D87005C5ECA /* Preview Assets.xcassets in Resources */ = {isa = PBXBuildFile; fileRef = 227699FA23B79D87005C5ECA /* Preview Assets.xcassets */; };
		227699FE23B79D87005C5ECA /* LaunchScreen.storyboard in Resources */ = {isa = PBXBuildFile; fileRef = 227699FC23B79D87005C5ECA /* LaunchScreen.storyboard */; };
		22769A0623BA2116005C5ECA /* ProspectsView.swift in Sources */ = {isa = PBXBuildFile; fileRef = 22769A0523BA2116005C5ECA /* ProspectsView.swift */; };
		22769A0823BA2123005C5ECA /* MeView.swift in Sources */ = {isa = PBXBuildFile; fileRef = 22769A0723BA2123005C5ECA /* MeView.swift */; };
		22769A0A23BA2669005C5ECA /* Prospect.swift in Sources */ = {isa = PBXBuildFile; fileRef = 22769A0923BA2669005C5ECA /* Prospect.swift */; };
		22769A0D23BA37F9005C5ECA /* CodeScanner in Frameworks */ = {isa = PBXBuildFile; productRef = 22769A0C23BA37F9005C5ECA /* CodeScanner */; };
		22769A0F23BA4401005C5ECA /* FileManager-Extension.swift in Sources */ = {isa = PBXBuildFile; fileRef = 22769A0E23BA4401005C5ECA /* FileManager-Extension.swift */; };
/* End PBXBuildFile section */

/* Begin PBXFileReference section */
		227699EE23B79D85005C5ECA /* HotProspects.app */ = {isa = PBXFileReference; explicitFileType = wrapper.application; includeInIndex = 0; path = HotProspects.app; sourceTree = BUILT_PRODUCTS_DIR; };
		227699F123B79D85005C5ECA /* AppDelegate.swift */ = {isa = PBXFileReference; lastKnownFileType = sourcecode.swift; path = AppDelegate.swift; sourceTree = "<group>"; };
		227699F323B79D85005C5ECA /* SceneDelegate.swift */ = {isa = PBXFileReference; lastKnownFileType = sourcecode.swift; path = SceneDelegate.swift; sourceTree = "<group>"; };
		227699F523B79D85005C5ECA /* ContentView.swift */ = {isa = PBXFileReference; lastKnownFileType = sourcecode.swift; path = ContentView.swift; sourceTree = "<group>"; };
		227699F723B79D87005C5ECA /* Assets.xcassets */ = {isa = PBXFileReference; lastKnownFileType = folder.assetcatalog; path = Assets.xcassets; sourceTree = "<group>"; };
		227699FA23B79D87005C5ECA /* Preview Assets.xcassets */ = {isa = PBXFileReference; lastKnownFileType = folder.assetcatalog; path = "Preview Assets.xcassets"; sourceTree = "<group>"; };
		227699FD23B79D87005C5ECA /* Base */ = {isa = PBXFileReference; lastKnownFileType = file.storyboard; name = Base; path = Base.lproj/LaunchScreen.storyboard; sourceTree = "<group>"; };
		227699FF23B79D87005C5ECA /* Info.plist */ = {isa = PBXFileReference; lastKnownFileType = text.plist.xml; path = Info.plist; sourceTree = "<group>"; };
		22769A0523BA2116005C5ECA /* ProspectsView.swift */ = {isa = PBXFileReference; lastKnownFileType = sourcecode.swift; path = ProspectsView.swift; sourceTree = "<group>"; };
		22769A0723BA2123005C5ECA /* MeView.swift */ = {isa = PBXFileReference; lastKnownFileType = sourcecode.swift; path = MeView.swift; sourceTree = "<group>"; };
		22769A0923BA2669005C5ECA /* Prospect.swift */ = {isa = PBXFileReference; lastKnownFileType = sourcecode.swift; path = Prospect.swift; sourceTree = "<group>"; };
		22769A0E23BA4401005C5ECA /* FileManager-Extension.swift */ = {isa = PBXFileReference; lastKnownFileType = sourcecode.swift; path = "FileManager-Extension.swift"; sourceTree = "<group>"; };
/* End PBXFileReference section */

/* Begin PBXFrameworksBuildPhase section */
		227699EB23B79D85005C5ECA /* Frameworks */ = {
			isa = PBXFrameworksBuildPhase;
			buildActionMask = 2147483647;
			files = (
				22769A0D23BA37F9005C5ECA /* CodeScanner in Frameworks */,
			);
			runOnlyForDeploymentPostprocessing = 0;
		};
/* End PBXFrameworksBuildPhase section */

/* Begin PBXGroup section */
		227699E523B79D85005C5ECA = {
			isa = PBXGroup;
			children = (
				227699F023B79D85005C5ECA /* HotProspects */,
				227699EF23B79D85005C5ECA /* Products */,
			);
			sourceTree = "<group>";
		};
		227699EF23B79D85005C5ECA /* Products */ = {
			isa = PBXGroup;
			children = (
				227699EE23B79D85005C5ECA /* HotProspects.app */,
			);
			name = Products;
			sourceTree = "<group>";
		};
		227699F023B79D85005C5ECA /* HotProspects */ = {
			isa = PBXGroup;
			children = (
				227699F123B79D85005C5ECA /* AppDelegate.swift */,
				227699F323B79D85005C5ECA /* SceneDelegate.swift */,
				227699F523B79D85005C5ECA /* ContentView.swift */,
				22769A0523BA2116005C5ECA /* ProspectsView.swift */,
				22769A0723BA2123005C5ECA /* MeView.swift */,
				22769A0923BA2669005C5ECA /* Prospect.swift */,
				22769A0E23BA4401005C5ECA /* FileManager-Extension.swift */,
				227699F723B79D87005C5ECA /* Assets.xcassets */,
				227699FC23B79D87005C5ECA /* LaunchScreen.storyboard */,
				227699FF23B79D87005C5ECA /* Info.plist */,
				227699F923B79D87005C5ECA /* Preview Content */,
			);
			path = HotProspects;
			sourceTree = "<group>";
		};
		227699F923B79D87005C5ECA /* Preview Content */ = {
			isa = PBXGroup;
			children = (
				227699FA23B79D87005C5ECA /* Preview Assets.xcassets */,
			);
			path = "Preview Content";
			sourceTree = "<group>";
		};
/* End PBXGroup section */

/* Begin PBXNativeTarget section */
		227699ED23B79D85005C5ECA /* HotProspects */ = {
			isa = PBXNativeTarget;
			buildConfigurationList = 22769A0223B79D87005C5ECA /* Build configuration list for PBXNativeTarget "HotProspects" */;
			buildPhases = (
				227699EA23B79D85005C5ECA /* Sources */,
				227699EB23B79D85005C5ECA /* Frameworks */,
				227699EC23B79D85005C5ECA /* Resources */,
			);
			buildRules = (
			);
			dependencies = (
			);
			name = HotProspects;
			packageProductDependencies = (
				22769A0C23BA37F9005C5ECA /* CodeScanner */,
			);
			productName = HotProspects;
			productReference = 227699EE23B79D85005C5ECA /* HotProspects.app */;
			productType = "com.apple.product-type.application";
		};
/* End PBXNativeTarget section */

/* Begin PBXProject section */
		227699E623B79D85005C5ECA /* Project object */ = {
			isa = PBXProject;
			attributes = {
				LastSwiftUpdateCheck = 1130;
				LastUpgradeCheck = 1130;
				ORGANIZATIONNAME = "Ma Xueyuan";
				TargetAttributes = {
					227699ED23B79D85005C5ECA = {
						CreatedOnToolsVersion = 11.3;
					};
				};
			};
			buildConfigurationList = 227699E923B79D85005C5ECA /* Build configuration list for PBXProject "HotProspects" */;
			compatibilityVersion = "Xcode 9.3";
			developmentRegion = en;
			hasScannedForEncodings = 0;
			knownRegions = (
				en,
				Base,
			);
			mainGroup = 227699E523B79D85005C5ECA;
			packageReferences = (
				22769A0B23BA37F9005C5ECA /* XCRemoteSwiftPackageReference "CodeScanner" */,
			);
			productRefGroup = 227699EF23B79D85005C5ECA /* Products */;
			projectDirPath = "";
			projectRoot = "";
			targets = (
				227699ED23B79D85005C5ECA /* HotProspects */,
			);
		};
/* End PBXProject section */

/* Begin PBXResourcesBuildPhase section */
		227699EC23B79D85005C5ECA /* Resources */ = {
			isa = PBXResourcesBuildPhase;
			buildActionMask = 2147483647;
			files = (
				227699FE23B79D87005C5ECA /* LaunchScreen.storyboard in Resources */,
				227699FB23B79D87005C5ECA /* Preview Assets.xcassets in Resources */,
				227699F823B79D87005C5ECA /* Assets.xcassets in Resources */,
			);
			runOnlyForDeploymentPostprocessing = 0;
		};
/* End PBXResourcesBuildPhase section */

/* Begin PBXSourcesBuildPhase section */
		227699EA23B79D85005C5ECA /* Sources */ = {
			isa = PBXSourcesBuildPhase;
			buildActionMask = 2147483647;
			files = (
				22769A0623BA2116005C5ECA /* ProspectsView.swift in Sources */,
				22769A0A23BA2669005C5ECA /* Prospect.swift in Sources */,
				227699F223B79D85005C5ECA /* AppDelegate.swift in Sources */,
				227699F423B79D85005C5ECA /* SceneDelegate.swift in Sources */,
				22769A0F23BA4401005C5ECA /* FileManager-Extension.swift in Sources */,
				227699F623B79D85005C5ECA /* ContentView.swift in Sources */,
				22769A0823BA2123005C5ECA /* MeView.swift in Sources */,
			);
			runOnlyForDeploymentPostprocessing = 0;
		};
/* End PBXSourcesBuildPhase section */

/* Begin PBXVariantGroup section */
		227699FC23B79D87005C5ECA /* LaunchScreen.storyboard */ = {
			isa = PBXVariantGroup;
			children = (
				227699FD23B79D87005C5ECA /* Base */,
			);
			name = LaunchScreen.storyboard;
			sourceTree = "<group>";
		};
/* End PBXVariantGroup section */

/* Begin XCBuildConfiguration section */
		22769A0023B79D87005C5ECA /* Debug */ = {
			isa = XCBuildConfiguration;
			buildSettings = {
				ALWAYS_SEARCH_USER_PATHS = NO;
				CLANG_ANALYZER_NONNULL = YES;
				CLANG_ANALYZER_NUMBER_OBJECT_CONVERSION = YES_AGGRESSIVE;
				CLANG_CXX_LANGUAGE_STANDARD = "gnu++14";
				CLANG_CXX_LIBRARY = "libc++";
				CLANG_ENABLE_MODULES = YES;
				CLANG_ENABLE_OBJC_ARC = YES;
				CLANG_ENABLE_OBJC_WEAK = YES;
				CLANG_WARN_BLOCK_CAPTURE_AUTORELEASING = YES;
				CLANG_WARN_BOOL_CONVERSION = YES;
				CLANG_WARN_COMMA = YES;
				CLANG_WARN_CONSTANT_CONVERSION = YES;
				CLANG_WARN_DEPRECATED_OBJC_IMPLEMENTATIONS = YES;
				CLANG_WARN_DIRECT_OBJC_ISA_USAGE = YES_ERROR;
				CLANG_WARN_DOCUMENTATION_COMMENTS = YES;
				CLANG_WARN_EMPTY_BODY = YES;
				CLANG_WARN_ENUM_CONVERSION = YES;
				CLANG_WARN_INFINITE_RECURSION = YES;
				CLANG_WARN_INT_CONVERSION = YES;
				CLANG_WARN_NON_LITERAL_NULL_CONVERSION = YES;
				CLANG_WARN_OBJC_IMPLICIT_RETAIN_SELF = YES;
				CLANG_WARN_OBJC_LITERAL_CONVERSION = YES;
				CLANG_WARN_OBJC_ROOT_CLASS = YES_ERROR;
				CLANG_WARN_RANGE_LOOP_ANALYSIS = YES;
				CLANG_WARN_STRICT_PROTOTYPES = YES;
				CLANG_WARN_SUSPICIOUS_MOVE = YES;
				CLANG_WARN_UNGUARDED_AVAILABILITY = YES_AGGRESSIVE;
				CLANG_WARN_UNREACHABLE_CODE = YES;
				CLANG_WARN__DUPLICATE_METHOD_MATCH = YES;
				COPY_PHASE_STRIP = NO;
				DEBUG_INFORMATION_FORMAT = dwarf;
				ENABLE_STRICT_OBJC_MSGSEND = YES;
				ENABLE_TESTABILITY = YES;
				GCC_C_LANGUAGE_STANDARD = gnu11;
				GCC_DYNAMIC_NO_PIC = NO;
				GCC_NO_COMMON_BLOCKS = YES;
				GCC_OPTIMIZATION_LEVEL = 0;
				GCC_PREPROCESSOR_DEFINITIONS = (
					"DEBUG=1",
					"$(inherited)",
				);
				GCC_WARN_64_TO_32_BIT_CONVERSION = YES;
				GCC_WARN_ABOUT_RETURN_TYPE = YES_ERROR;
				GCC_WARN_UNDECLARED_SELECTOR = YES;
				GCC_WARN_UNINITIALIZED_AUTOS = YES_AGGRESSIVE;
				GCC_WARN_UNUSED_FUNCTION = YES;
				GCC_WARN_UNUSED_VARIABLE = YES;
				IPHONEOS_DEPLOYMENT_TARGET = 13.2;
				MTL_ENABLE_DEBUG_INFO = INCLUDE_SOURCE;
				MTL_FAST_MATH = YES;
				ONLY_ACTIVE_ARCH = YES;
				SDKROOT = iphoneos;
				SWIFT_ACTIVE_COMPILATION_CONDITIONS = DEBUG;
				SWIFT_OPTIMIZATION_LEVEL = "-Onone";
			};
			name = Debug;
		};
		22769A0123B79D87005C5ECA /* Release */ = {
			isa = XCBuildConfiguration;
			buildSettings = {
				ALWAYS_SEARCH_USER_PATHS = NO;
				CLANG_ANALYZER_NONNULL = YES;
				CLANG_ANALYZER_NUMBER_OBJECT_CONVERSION = YES_AGGRESSIVE;
				CLANG_CXX_LANGUAGE_STANDARD = "gnu++14";
				CLANG_CXX_LIBRARY = "libc++";
				CLANG_ENABLE_MODULES = YES;
				CLANG_ENABLE_OBJC_ARC = YES;
				CLANG_ENABLE_OBJC_WEAK = YES;
				CLANG_WARN_BLOCK_CAPTURE_AUTORELEASING = YES;
				CLANG_WARN_BOOL_CONVERSION = YES;
				CLANG_WARN_COMMA = YES;
				CLANG_WARN_CONSTANT_CONVERSION = YES;
				CLANG_WARN_DEPRECATED_OBJC_IMPLEMENTATIONS = YES;
				CLANG_WARN_DIRECT_OBJC_ISA_USAGE = YES_ERROR;
				CLANG_WARN_DOCUMENTATION_COMMENTS = YES;
				CLANG_WARN_EMPTY_BODY = YES;
				CLANG_WARN_ENUM_CONVERSION = YES;
				CLANG_WARN_INFINITE_RECURSION = YES;
				CLANG_WARN_INT_CONVERSION = YES;
				CLANG_WARN_NON_LITERAL_NULL_CONVERSION = YES;
				CLANG_WARN_OBJC_IMPLICIT_RETAIN_SELF = YES;
				CLANG_WARN_OBJC_LITERAL_CONVERSION = YES;
				CLANG_WARN_OBJC_ROOT_CLASS = YES_ERROR;
				CLANG_WARN_RANGE_LOOP_ANALYSIS = YES;
				CLANG_WARN_STRICT_PROTOTYPES = YES;
				CLANG_WARN_SUSPICIOUS_MOVE = YES;
				CLANG_WARN_UNGUARDED_AVAILABILITY = YES_AGGRESSIVE;
				CLANG_WARN_UNREACHABLE_CODE = YES;
				CLANG_WARN__DUPLICATE_METHOD_MATCH = YES;
				COPY_PHASE_STRIP = NO;
				DEBUG_INFORMATION_FORMAT = "dwarf-with-dsym";
				ENABLE_NS_ASSERTIONS = NO;
				ENABLE_STRICT_OBJC_MSGSEND = YES;
				GCC_C_LANGUAGE_STANDARD = gnu11;
				GCC_NO_COMMON_BLOCKS = YES;
				GCC_WARN_64_TO_32_BIT_CONVERSION = YES;
				GCC_WARN_ABOUT_RETURN_TYPE = YES_ERROR;
				GCC_WARN_UNDECLARED_SELECTOR = YES;
				GCC_WARN_UNINITIALIZED_AUTOS = YES_AGGRESSIVE;
				GCC_WARN_UNUSED_FUNCTION = YES;
				GCC_WARN_UNUSED_VARIABLE = YES;
				IPHONEOS_DEPLOYMENT_TARGET = 13.2;
				MTL_ENABLE_DEBUG_INFO = NO;
				MTL_FAST_MATH = YES;
				SDKROOT = iphoneos;
				SWIFT_COMPILATION_MODE = wholemodule;
				SWIFT_OPTIMIZATION_LEVEL = "-O";
				VALIDATE_PRODUCT = YES;
			};
			name = Release;
		};
		22769A0323B79D87005C5ECA /* Debug */ = {
			isa = XCBuildConfiguration;
			buildSettings = {
				ASSETCATALOG_COMPILER_APPICON_NAME = AppIcon;
				CODE_SIGN_STYLE = Automatic;
				DEVELOPMENT_ASSET_PATHS = "\"HotProspects/Preview Content\"";
				DEVELOPMENT_TEAM = EQC88F8HW8;
				ENABLE_PREVIEWS = YES;
				INFOPLIST_FILE = HotProspects/Info.plist;
				LD_RUNPATH_SEARCH_PATHS = (
					"$(inherited)",
					"@executable_path/Frameworks",
				);
				PRODUCT_BUNDLE_IDENTIFIER = com.mxy.HotProspects;
				PRODUCT_NAME = "$(TARGET_NAME)";
				SWIFT_VERSION = 5.0;
				TARGETED_DEVICE_FAMILY = "1,2";
			};
			name = Debug;
		};
		22769A0423B79D87005C5ECA /* Release */ = {
			isa = XCBuildConfiguration;
			buildSettings = {
				ASSETCATALOG_COMPILER_APPICON_NAME = AppIcon;
				CODE_SIGN_STYLE = Automatic;
				DEVELOPMENT_ASSET_PATHS = "\"HotProspects/Preview Content\"";
				DEVELOPMENT_TEAM = EQC88F8HW8;
				ENABLE_PREVIEWS = YES;
				INFOPLIST_FILE = HotProspects/Info.plist;
				LD_RUNPATH_SEARCH_PATHS = (
					"$(inherited)",
					"@executable_path/Frameworks",
				);
				PRODUCT_BUNDLE_IDENTIFIER = com.mxy.HotProspects;
				PRODUCT_NAME = "$(TARGET_NAME)";
				SWIFT_VERSION = 5.0;
				TARGETED_DEVICE_FAMILY = "1,2";
			};
			name = Release;
		};
/* End XCBuildConfiguration section */

/* Begin XCConfigurationList section */
		227699E923B79D85005C5ECA /* Build configuration list for PBXProject "HotProspects" */ = {
			isa = XCConfigurationList;
			buildConfigurations = (
				22769A0023B79D87005C5ECA /* Debug */,
				22769A0123B79D87005C5ECA /* Release */,
			);
			defaultConfigurationIsVisible = 0;
			defaultConfigurationName = Release;
		};
		22769A0223B79D87005C5ECA /* Build configuration list for PBXNativeTarget "HotProspects" */ = {
			isa = XCConfigurationList;
			buildConfigurations = (
				22769A0323B79D87005C5ECA /* Debug */,
				22769A0423B79D87005C5ECA /* Release */,
			);
			defaultConfigurationIsVisible = 0;
			defaultConfigurationName = Release;
		};
/* End XCConfigurationList section */

/* Begin XCRemoteSwiftPackageReference section */
		22769A0B23BA37F9005C5ECA /* XCRemoteSwiftPackageReference "CodeScanner" */ = {
			isa = XCRemoteSwiftPackageReference;
			repositoryURL = "https://github.com/twostraws/CodeScanner";
			requirement = {
				kind = upToNextMajorVersion;
				minimumVersion = 1.0.1;
			};
		};
/* End XCRemoteSwiftPackageReference section */

/* Begin XCSwiftPackageProductDependency section */
		22769A0C23BA37F9005C5ECA /* CodeScanner */ = {
			isa = XCSwiftPackageProductDependency;
			package = 22769A0B23BA37F9005C5ECA /* XCRemoteSwiftPackageReference "CodeScanner" */;
			productName = CodeScanner;
		};
/* End XCSwiftPackageProductDependency section */
	};
	rootObject = 227699E623B79D85005C5ECA /* Project object */;
}
